
Microsoft Visual Studio Solution File, Format Version 12.00
# Visual Studio Version 16
VisualStudioVersion = 16.0.30804.86
MinimumVisualStudioVersion = 10.0.40219.1
Project("{FAE04EC0-301F-11D3-BF4B-00C04F79EFBC}") = "roles", "roles.csproj", "{23706FE3-E2A0-4343-A657-34BA5DDF3EB4}"
EndProject
Global
	GlobalSection(SolutionConfigurationPlatforms) = preSolution
		Debug|Any CPU = Debug|Any CPU
		Release|Any CPU = Release|Any CPU
	EndGlobalSection
	GlobalSection(ProjectConfigurationPlatforms) = postSolution
		{23706FE3-E2A0-4343-A657-34BA5DDF3EB4}.Debug|Any CPU.ActiveCfg = Debug|Any CPU
		{23706FE3-E2A0-4343-A657-34BA5DDF3EB4}.Debug|Any CPU.Build.0 = Debug|Any CPU
		{23706FE3-E2A0-4343-A657-34BA5DDF3EB4}.Release|Any CPU.ActiveCfg = Release|Any CPU
		{23706FE3-E2A0-4343-A657-34BA5DDF3EB4}.Release|Any CPU.Build.0 = Release|Any CPU
	EndGlobalSection
	GlobalSection(SolutionProperties) = preSolution
		HideSolutionNode = FALSE
	EndGlobalSection
	GlobalSection(ExtensibilityGlobals) = postSolution
		SolutionGuid = {596BE06B-53BA-4035-996B-31F1AD603911}
	EndGlobalSection
EndGlobal
